
Microsoft Visual Studio Solution File, Format Version 12.00
# Visual Studio Version 17
VisualStudioVersion = 17.2.32616.157
MinimumVisualStudioVersion = 10.0.40219.1
Project("{FAE04EC0-301F-11D3-BF4B-00C04F79EFBC}") = "RefatorandoAgendamento", "RefatorandoAgendamento\RefatorandoAgendamento.csproj", "{79C08077-193B-44F5-A0E2-5817B8F62580}"
EndProject
Global
	GlobalSection(SolutionConfigurationPlatforms) = preSolution
		Debug|Any CPU = Debug|Any CPU
		Release|Any CPU = Release|Any CPU
	EndGlobalSection
	GlobalSection(ProjectConfigurationPlatforms) = postSolution
		{79C08077-193B-44F5-A0E2-5817B8F62580}.Debug|Any CPU.ActiveCfg = Debug|Any CPU
		{79C08077-193B-44F5-A0E2-5817B8F62580}.Debug|Any CPU.Build.0 = Debug|Any CPU
		{79C08077-193B-44F5-A0E2-5817B8F62580}.Release|Any CPU.ActiveCfg = Release|Any CPU
		{79C08077-193B-44F5-A0E2-5817B8F62580}.Release|Any CPU.Build.0 = Release|Any CPU
	EndGlobalSection
	GlobalSection(SolutionProperties) = preSolution
		HideSolutionNode = FALSE
	EndGlobalSection
	GlobalSection(ExtensibilityGlobals) = postSolution
		SolutionGuid = {14900669-6413-4D6E-9097-25B374800449}
	EndGlobalSection
EndGlobal
